
Microsoft Visual Studio Solution File, Format Version 12.00
# Visual Studio 15
VisualStudioVersion = 15.0.28307.168
MinimumVisualStudioVersion = 10.0.40219.1
Project("{FAE04EC0-301F-11D3-BF4B-00C04F79EFBC}") = "2d Triangle", "2d Triangle.csproj", "{5BB4A72B-2A82-480C-8326-C600E03B12E2}"
EndProject
Project("{FAE04EC0-301F-11D3-BF4B-00C04F79EFBC}") = "Prime_numbers", "..\Task1\Prime_numbers\Prime_numbers\Prime_numbers.csproj", "{83938AB2-332D-4FBE-B8C4-A2DF5FEF34E9}"
EndProject
Project("{FAE04EC0-301F-11D3-BF4B-00C04F79EFBC}") = "Next level console", "..\..\week 3\Task 1\Next level console\Next level console\Next level console.csproj", "{6EE3FF98-C888-4437-88AC-994CF14C021C}"
EndProject
Project("{FAE04EC0-301F-11D3-BF4B-00C04F79EFBC}") = "Palindrome", "..\..\week 2\Task 1\Palindrome\Palindrome\Palindrome.csproj", "{97646166-3843-4C52-A34F-72003D987CAD}"
EndProject
Project("{FAE04EC0-301F-11D3-BF4B-00C04F79EFBC}") = "Magic", "..\..\week 2\Task 4\Magic\Magic\Magic.csproj", "{936DA11F-6318-44D8-9641-7DE2EAAD49F9}"
EndProject
Project("{FAE04EC0-301F-11D3-BF4B-00C04F79EFBC}") = "Task3", "..\..\week 2\Task 3\Console\Task3.csproj", "{3F2A87EE-1951-4258-B3BA-BFD55319E22D}"
EndProject
Global
	GlobalSection(SolutionConfigurationPlatforms) = preSolution
		Debug|Any CPU = Debug|Any CPU
		Release|Any CPU = Release|Any CPU
	EndGlobalSection
	GlobalSection(ProjectConfigurationPlatforms) = postSolution
		{5BB4A72B-2A82-480C-8326-C600E03B12E2}.Debug|Any CPU.ActiveCfg = Debug|Any CPU
		{5BB4A72B-2A82-480C-8326-C600E03B12E2}.Debug|Any CPU.Build.0 = Debug|Any CPU
		{5BB4A72B-2A82-480C-8326-C600E03B12E2}.Release|Any CPU.ActiveCfg = Release|Any CPU
		{5BB4A72B-2A82-480C-8326-C600E03B12E2}.Release|Any CPU.Build.0 = Release|Any CPU
		{83938AB2-332D-4FBE-B8C4-A2DF5FEF34E9}.Debug|Any CPU.ActiveCfg = Debug|Any CPU
		{83938AB2-332D-4FBE-B8C4-A2DF5FEF34E9}.Debug|Any CPU.Build.0 = Debug|Any CPU
		{83938AB2-332D-4FBE-B8C4-A2DF5FEF34E9}.Release|Any CPU.ActiveCfg = Release|Any CPU
		{83938AB2-332D-4FBE-B8C4-A2DF5FEF34E9}.Release|Any CPU.Build.0 = Release|Any CPU
		{6EE3FF98-C888-4437-88AC-994CF14C021C}.Debug|Any CPU.ActiveCfg = Debug|Any CPU
		{6EE3FF98-C888-4437-88AC-994CF14C021C}.Debug|Any CPU.Build.0 = Debug|Any CPU
		{6EE3FF98-C888-4437-88AC-994CF14C021C}.Release|Any CPU.ActiveCfg = Release|Any CPU
		{6EE3FF98-C888-4437-88AC-994CF14C021C}.Release|Any CPU.Build.0 = Release|Any CPU
		{97646166-3843-4C52-A34F-72003D987CAD}.Debug|Any CPU.ActiveCfg = Debug|Any CPU
		{97646166-3843-4C52-A34F-72003D987CAD}.Debug|Any CPU.Build.0 = Debug|Any CPU
		{97646166-3843-4C52-A34F-72003D987CAD}.Release|Any CPU.ActiveCfg = Release|Any CPU
		{97646166-3843-4C52-A34F-72003D987CAD}.Release|Any CPU.Build.0 = Release|Any CPU
		{936DA11F-6318-44D8-9641-7DE2EAAD49F9}.Debug|Any CPU.ActiveCfg = Debug|Any CPU
		{936DA11F-6318-44D8-9641-7DE2EAAD49F9}.Debug|Any CPU.Build.0 = Debug|Any CPU
		{936DA11F-6318-44D8-9641-7DE2EAAD49F9}.Release|Any CPU.ActiveCfg = Release|Any CPU
		{936DA11F-6318-44D8-9641-7DE2EAAD49F9}.Release|Any CPU.Build.0 = Release|Any CPU
		{3F2A87EE-1951-4258-B3BA-BFD55319E22D}.Debug|Any CPU.ActiveCfg = Debug|Any CPU
		{3F2A87EE-1951-4258-B3BA-BFD55319E22D}.Debug|Any CPU.Build.0 = Debug|Any CPU
		{3F2A87EE-1951-4258-B3BA-BFD55319E22D}.Release|Any CPU.ActiveCfg = Release|Any CPU
		{3F2A87EE-1951-4258-B3BA-BFD55319E22D}.Release|Any CPU.Build.0 = Release|Any CPU
	EndGlobalSection
	GlobalSection(SolutionProperties) = preSolution
		HideSolutionNode = FALSE
	EndGlobalSection
	GlobalSection(ExtensibilityGlobals) = postSolution
		SolutionGuid = {96D45AAF-734A-4EDD-9840-88AF219B74FF}
	EndGlobalSection
EndGlobal
