
Microsoft Visual Studio Solution File, Format Version 12.00
# Visual Studio 15
VisualStudioVersion = 15.0.28307.168
MinimumVisualStudioVersion = 10.0.40219.1
Project("{FAE04EC0-301F-11D3-BF4B-00C04F79EFBC}") = "Stay prime", "Stay prime\Stay prime.csproj", "{1C4F52B3-7205-43AD-B339-05793BB70F7D}"
EndProject
Global
	GlobalSection(SolutionConfigurationPlatforms) = preSolution
		Debug|Any CPU = Debug|Any CPU
		Release|Any CPU = Release|Any CPU
	EndGlobalSection
	GlobalSection(ProjectConfigurationPlatforms) = postSolution
		{1C4F52B3-7205-43AD-B339-05793BB70F7D}.Debug|Any CPU.ActiveCfg = Debug|Any CPU
		{1C4F52B3-7205-43AD-B339-05793BB70F7D}.Debug|Any CPU.Build.0 = Debug|Any CPU
		{1C4F52B3-7205-43AD-B339-05793BB70F7D}.Release|Any CPU.ActiveCfg = Release|Any CPU
		{1C4F52B3-7205-43AD-B339-05793BB70F7D}.Release|Any CPU.Build.0 = Release|Any CPU
	EndGlobalSection
	GlobalSection(SolutionProperties) = preSolution
		HideSolutionNode = FALSE
	EndGlobalSection
	GlobalSection(ExtensibilityGlobals) = postSolution
		SolutionGuid = {065169D9-B65A-40F9-A587-48661BE27E60}
	EndGlobalSection
EndGlobal
